<?xml version="1.0" encoding="utf-8"?>
<Project ToolsVersion="4.0" xmlns="http://schemas.microsoft.com/developer/msbuild/2003">
  <ItemGroup>
    <Filter Include="Source Files">
      <UniqueIdentifier>{4FC737F1-C7A5-4376-A066-2A32D752A2FF}</UniqueIdentifier>
      <Extensions>cpp;c;cc;cxx;def;odl;idl;hpj;bat;asm;asmx</Extensions>
    </Filter>
    <Filter Include="Header Files">
      <UniqueIdentifier>{93995380-89BD-4b04-88EB-625FBE52EBFB}</UniqueIdentifier>
      <Extensions>h;hh;hpp;hxx;hm;inl;inc;ipp;xsd</Extensions>
    </Filter>
    <Filter Include="Resource Files">
      <UniqueIdentifier>{67DA6AB6-F800-4c08-8B7A-83BB121AAD01}</UniqueIdentifier>
      <Extensions>rc;ico;cur;bmp;dlg;rc2;rct;bin;rgs;gif;jpg;jpeg;jpe;resx;tiff;tif;png;wav;mfcribbon-ms</Extensions>
    </Filter>
    <Filter Include="Shaders">
      <UniqueIdentifier>{dd8d435f-f572-4b66-9a95-2489c72f43dc}</UniqueIdentifier>
    </Filter>
    <Filter Include="Assets">
      <UniqueIdentifier>{2caff5db-81c5-4298-847c-67cdcdee504c}</UniqueIdentifier>
    </Filter>
    <Filter Include="Timer">
      <UniqueIdentifier>{6a7cb9a8-fce6-41e6-9e48-707d1a02602d}</UniqueIdentifier>
    </Filter>
    <Filter Include="Lights">
      <UniqueIdentifier>{1174f3cc-ab86-4084-91f2-ce4c932c8a6f}</UniqueIdentifier>
    </Filter>
    <Filter Include="BasicClasses">
      <UniqueIdentifier>{1f8c04a0-5750-45d1-abf8-5ca006777ddd}</UniqueIdentifier>
    </Filter>
  </ItemGroup>
  <ItemGroup>
    <ClInclude Include="framework.h">
      <Filter>Header Files</Filter>
    </ClInclude>
    <ClInclude Include="targetver.h">
      <Filter>Header Files</Filter>
    </ClInclude>
    <ClInclude Include="Resource.h">
      <Filter>Header Files</Filter>
    </ClInclude>
    <ClInclude Include="D3D11_SurrealRender.h">
      <Filter>Header Files</Filter>
    </ClInclude>
    <ClInclude Include="DisplayAgent.h">
      <Filter>Header Files</Filter>
    </ClInclude>
    <ClInclude Include="DDSTextureLoader.h">
      <Filter>Header Files</Filter>
    </ClInclude>
    <ClInclude Include="Timer.h">
      <Filter>Timer</Filter>
    </ClInclude>
    <ClInclude Include="NotLights.h">
      <Filter>Lights</Filter>
    </ClInclude>
    <ClInclude Include="NotReallyBasics.h">
      <Filter>BasicClasses</Filter>
    </ClInclude>
  </ItemGroup>
  <ItemGroup>
    <ClCompile Include="D3D11_SurrealRender.cpp">
      <Filter>Source Files</Filter>
    </ClCompile>
    <ClCompile Include="DisplayAgent.cpp">
      <Filter>Source Files</Filter>
    </ClCompile>
    <ClCompile Include="DDSTextureLoader.cpp">
      <Filter>Source Files</Filter>
    </ClCompile>
    <ClCompile Include="Timer.cpp">
      <Filter>Timer</Filter>
    </ClCompile>
    <ClCompile Include="NotLights.cpp">
      <Filter>Lights</Filter>
    </ClCompile>
    <ClCompile Include="NotReallyBasics.cpp">
      <Filter>BasicClasses</Filter>
    </ClCompile>
  </ItemGroup>
  <ItemGroup>
    <ResourceCompile Include="D3D11_SurrealRender.rc">
      <Filter>Resource Files</Filter>
    </ResourceCompile>
  </ItemGroup>
  <ItemGroup>
    <Image Include="small.ico">
      <Filter>Resource Files</Filter>
    </Image>
    <Image Include="D3D11_SurrealRender.ico">
      <Filter>Resource Files</Filter>
    </Image>
    <Image Include="Assets\Crate.dds">
      <Filter>Assets</Filter>
    </Image>
    <Image Include="Assets\FancyBoxDDS.dds">
      <Filter>Assets</Filter>
    </Image>
    <Image Include="Assets\Willow_Trunk_D.dds">
      <Filter>Assets</Filter>
    </Image>
    <Image Include="Assets\TorchTexture.dds">
      <Filter>Assets</Filter>
    </Image>
    <Image Include="Assets\BambooT.dds">
      <Filter>Assets</Filter>
    </Image>
    <Image Include="Assets\Planet1.dds">
      <Filter>Assets</Filter>
    </Image>
  </ItemGroup>
  <ItemGroup>
    <FxCompile Include="GeneralPixelShaders.hlsl">
      <Filter>Shaders</Filter>
    </FxCompile>
    <FxCompile Include="GeneralMeshVertexShaders.hlsl">
      <Filter>Shaders</Filter>
    </FxCompile>
  </ItemGroup>
  <ItemGroup>
    <None Include="Assets\cube.mesh">
      <Filter>Assets</Filter>
    </None>
    <None Include="Assets\FancyBox.mesh">
      <Filter>Assets</Filter>
    </None>
    <None Include="Assets\WillowTreeFBX.mesh">
      <Filter>Assets</Filter>
    </None>
    <None Include="Assets\Torch.mesh">
      <Filter>Assets</Filter>
    </None>
    <None Include="Assets\Bamboo.mesh">
      <Filter>Assets</Filter>
    </None>
    <None Include="Assets\Planet1.mesh">
      <Filter>Assets</Filter>
    </None>
  </ItemGroup>
</Project>